
Microsoft Visual Studio Solution File, Format Version 12.00
Project("{FAE04EC0-301F-11D3-BF4B-00C04F79EFBC}") = "Movies.Api", "Movies.Api\Movies.Api.csproj", "{4CCA37FD-F26B-401A-BB6C-2D011F6398E2}"
EndProject
Project("{FAE04EC0-301F-11D3-BF4B-00C04F79EFBC}") = "Movies.Application", "Movies.Application\Movies.Application.csproj", "{500FB898-4471-438E-A25E-7360F628756C}"
EndProject
Project("{FAE04EC0-301F-11D3-BF4B-00C04F79EFBC}") = "Movies.Contracts", "Movies.Contracts\Movies.Contracts.csproj", "{48DD9663-D4A5-4EE0-8BFD-9E7044364097}"
EndProject
Project("{FAE04EC0-301F-11D3-BF4B-00C04F79EFBC}") = "Identity.Api", "Identity.Api\Identity.Api.csproj", "{A8AECD75-2D98-425D-B183-F336C20FC8A5}"
EndProject
Global
	GlobalSection(SolutionConfigurationPlatforms) = preSolution
		Debug|Any CPU = Debug|Any CPU
		Release|Any CPU = Release|Any CPU
	EndGlobalSection
	GlobalSection(ProjectConfigurationPlatforms) = postSolution
		{4CCA37FD-F26B-401A-BB6C-2D011F6398E2}.Debug|Any CPU.ActiveCfg = Debug|Any CPU
		{4CCA37FD-F26B-401A-BB6C-2D011F6398E2}.Debug|Any CPU.Build.0 = Debug|Any CPU
		{4CCA37FD-F26B-401A-BB6C-2D011F6398E2}.Release|Any CPU.ActiveCfg = Release|Any CPU
		{4CCA37FD-F26B-401A-BB6C-2D011F6398E2}.Release|Any CPU.Build.0 = Release|Any CPU
		{500FB898-4471-438E-A25E-7360F628756C}.Debug|Any CPU.ActiveCfg = Debug|Any CPU
		{500FB898-4471-438E-A25E-7360F628756C}.Debug|Any CPU.Build.0 = Debug|Any CPU
		{500FB898-4471-438E-A25E-7360F628756C}.Release|Any CPU.ActiveCfg = Release|Any CPU
		{500FB898-4471-438E-A25E-7360F628756C}.Release|Any CPU.Build.0 = Release|Any CPU
		{48DD9663-D4A5-4EE0-8BFD-9E7044364097}.Debug|Any CPU.ActiveCfg = Debug|Any CPU
		{48DD9663-D4A5-4EE0-8BFD-9E7044364097}.Debug|Any CPU.Build.0 = Debug|Any CPU
		{48DD9663-D4A5-4EE0-8BFD-9E7044364097}.Release|Any CPU.ActiveCfg = Release|Any CPU
		{48DD9663-D4A5-4EE0-8BFD-9E7044364097}.Release|Any CPU.Build.0 = Release|Any CPU
		{A8AECD75-2D98-425D-B183-F336C20FC8A5}.Debug|Any CPU.ActiveCfg = Debug|Any CPU
		{A8AECD75-2D98-425D-B183-F336C20FC8A5}.Debug|Any CPU.Build.0 = Debug|Any CPU
		{A8AECD75-2D98-425D-B183-F336C20FC8A5}.Release|Any CPU.ActiveCfg = Release|Any CPU
		{A8AECD75-2D98-425D-B183-F336C20FC8A5}.Release|Any CPU.Build.0 = Release|Any CPU
	EndGlobalSection
EndGlobal
